
Microsoft Visual Studio Solution File, Format Version 12.00
# Visual Studio 2013
VisualStudioVersion = 12.0.40629.0
MinimumVisualStudioVersion = 10.0.40219.1
Project("{FAE04EC0-301F-11D3-BF4B-00C04F79EFBC}") = "Atm", "Atm\Atm.csproj", "{BF4E40A7-DD45-4B51-A891-62FD180FEBFD}"
EndProject
Global
	GlobalSection(SolutionConfigurationPlatforms) = preSolution
		Debug|Any CPU = Debug|Any CPU
		Release|Any CPU = Release|Any CPU
	EndGlobalSection
	GlobalSection(ProjectConfigurationPlatforms) = postSolution
		{BF4E40A7-DD45-4B51-A891-62FD180FEBFD}.Debug|Any CPU.ActiveCfg = Debug|Any CPU
		{BF4E40A7-DD45-4B51-A891-62FD180FEBFD}.Debug|Any CPU.Build.0 = Debug|Any CPU
		{BF4E40A7-DD45-4B51-A891-62FD180FEBFD}.Release|Any CPU.ActiveCfg = Release|Any CPU
		{BF4E40A7-DD45-4B51-A891-62FD180FEBFD}.Release|Any CPU.Build.0 = Release|Any CPU
	EndGlobalSection
	GlobalSection(SolutionProperties) = preSolution
		HideSolutionNode = FALSE
	EndGlobalSection
EndGlobal
